
Microsoft Visual Studio Solution File, Format Version 12.00
# Visual Studio Version 16
VisualStudioVersion = 16.0.28803.156
MinimumVisualStudioVersion = 10.0.40219.1
Project("{FAE04EC0-301F-11D3-BF4B-00C04F79EFBC}") = "Scanner.Android", "Scanner\Scanner.Android\Scanner.Android.csproj", "{03CD7349-C871-4BDA-9808-CA1F07757C61}"
EndProject
Project("{FAE04EC0-301F-11D3-BF4B-00C04F79EFBC}") = "Scanner.iOS", "Scanner\Scanner.iOS\Scanner.iOS.csproj", "{5157906F-D106-4F45-BA70-93F105D57C06}"
EndProject
Project("{FAE04EC0-301F-11D3-BF4B-00C04F79EFBC}") = "Scanner", "Scanner\Scanner\Scanner.csproj", "{FEDA289A-97C3-40F6-99B4-2A98D4E0811F}"
EndProject
Global
	GlobalSection(SolutionConfigurationPlatforms) = preSolution
		Debug|Any CPU = Debug|Any CPU
		Debug|iPhone = Debug|iPhone
		Debug|iPhoneSimulator = Debug|iPhoneSimulator
		Release|Any CPU = Release|Any CPU
		Release|iPhone = Release|iPhone
		Release|iPhoneSimulator = Release|iPhoneSimulator
	EndGlobalSection
	GlobalSection(ProjectConfigurationPlatforms) = postSolution
		{03CD7349-C871-4BDA-9808-CA1F07757C61}.Debug|Any CPU.ActiveCfg = Debug|Any CPU
		{03CD7349-C871-4BDA-9808-CA1F07757C61}.Debug|Any CPU.Build.0 = Debug|Any CPU
		{03CD7349-C871-4BDA-9808-CA1F07757C61}.Debug|Any CPU.Deploy.0 = Debug|Any CPU
		{03CD7349-C871-4BDA-9808-CA1F07757C61}.Debug|iPhone.ActiveCfg = Debug|Any CPU
		{03CD7349-C871-4BDA-9808-CA1F07757C61}.Debug|iPhone.Build.0 = Debug|Any CPU
		{03CD7349-C871-4BDA-9808-CA1F07757C61}.Debug|iPhone.Deploy.0 = Debug|Any CPU
		{03CD7349-C871-4BDA-9808-CA1F07757C61}.Debug|iPhoneSimulator.ActiveCfg = Debug|Any CPU
		{03CD7349-C871-4BDA-9808-CA1F07757C61}.Debug|iPhoneSimulator.Build.0 = Debug|Any CPU
		{03CD7349-C871-4BDA-9808-CA1F07757C61}.Debug|iPhoneSimulator.Deploy.0 = Debug|Any CPU
		{03CD7349-C871-4BDA-9808-CA1F07757C61}.Release|Any CPU.ActiveCfg = Release|Any CPU
		{03CD7349-C871-4BDA-9808-CA1F07757C61}.Release|Any CPU.Build.0 = Release|Any CPU
		{03CD7349-C871-4BDA-9808-CA1F07757C61}.Release|Any CPU.Deploy.0 = Release|Any CPU
		{03CD7349-C871-4BDA-9808-CA1F07757C61}.Release|iPhone.ActiveCfg = Release|Any CPU
		{03CD7349-C871-4BDA-9808-CA1F07757C61}.Release|iPhone.Build.0 = Release|Any CPU
		{03CD7349-C871-4BDA-9808-CA1F07757C61}.Release|iPhone.Deploy.0 = Release|Any CPU
		{03CD7349-C871-4BDA-9808-CA1F07757C61}.Release|iPhoneSimulator.ActiveCfg = Release|Any CPU
		{03CD7349-C871-4BDA-9808-CA1F07757C61}.Release|iPhoneSimulator.Build.0 = Release|Any CPU
		{03CD7349-C871-4BDA-9808-CA1F07757C61}.Release|iPhoneSimulator.Deploy.0 = Release|Any CPU
		{5157906F-D106-4F45-BA70-93F105D57C06}.Debug|Any CPU.ActiveCfg = Debug|iPhoneSimulator
		{5157906F-D106-4F45-BA70-93F105D57C06}.Debug|Any CPU.Build.0 = Debug|iPhoneSimulator
		{5157906F-D106-4F45-BA70-93F105D57C06}.Debug|Any CPU.Deploy.0 = Debug|iPhoneSimulator
		{5157906F-D106-4F45-BA70-93F105D57C06}.Debug|iPhone.ActiveCfg = Debug|iPhone
		{5157906F-D106-4F45-BA70-93F105D57C06}.Debug|iPhone.Build.0 = Debug|iPhone
		{5157906F-D106-4F45-BA70-93F105D57C06}.Debug|iPhone.Deploy.0 = Debug|iPhone
		{5157906F-D106-4F45-BA70-93F105D57C06}.Debug|iPhoneSimulator.ActiveCfg = Debug|iPhoneSimulator
		{5157906F-D106-4F45-BA70-93F105D57C06}.Debug|iPhoneSimulator.Build.0 = Debug|iPhoneSimulator
		{5157906F-D106-4F45-BA70-93F105D57C06}.Debug|iPhoneSimulator.Deploy.0 = Debug|iPhoneSimulator
		{5157906F-D106-4F45-BA70-93F105D57C06}.Release|Any CPU.ActiveCfg = Release|iPhone
		{5157906F-D106-4F45-BA70-93F105D57C06}.Release|Any CPU.Build.0 = Release|iPhone
		{5157906F-D106-4F45-BA70-93F105D57C06}.Release|Any CPU.Deploy.0 = Release|iPhone
		{5157906F-D106-4F45-BA70-93F105D57C06}.Release|iPhone.ActiveCfg = Release|iPhone
		{5157906F-D106-4F45-BA70-93F105D57C06}.Release|iPhone.Build.0 = Release|iPhone
		{5157906F-D106-4F45-BA70-93F105D57C06}.Release|iPhone.Deploy.0 = Release|iPhone
		{5157906F-D106-4F45-BA70-93F105D57C06}.Release|iPhoneSimulator.ActiveCfg = Release|iPhoneSimulator
		{5157906F-D106-4F45-BA70-93F105D57C06}.Release|iPhoneSimulator.Build.0 = Release|iPhoneSimulator
		{5157906F-D106-4F45-BA70-93F105D57C06}.Release|iPhoneSimulator.Deploy.0 = Release|iPhoneSimulator
		{FEDA289A-97C3-40F6-99B4-2A98D4E0811F}.Debug|Any CPU.ActiveCfg = Debug|Any CPU
		{FEDA289A-97C3-40F6-99B4-2A98D4E0811F}.Debug|Any CPU.Build.0 = Debug|Any CPU
		{FEDA289A-97C3-40F6-99B4-2A98D4E0811F}.Debug|Any CPU.Deploy.0 = Debug|Any CPU
		{FEDA289A-97C3-40F6-99B4-2A98D4E0811F}.Debug|iPhone.ActiveCfg = Debug|Any CPU
		{FEDA289A-97C3-40F6-99B4-2A98D4E0811F}.Debug|iPhone.Build.0 = Debug|Any CPU
		{FEDA289A-97C3-40F6-99B4-2A98D4E0811F}.Debug|iPhone.Deploy.0 = Debug|Any CPU
		{FEDA289A-97C3-40F6-99B4-2A98D4E0811F}.Debug|iPhoneSimulator.ActiveCfg = Debug|Any CPU
		{FEDA289A-97C3-40F6-99B4-2A98D4E0811F}.Debug|iPhoneSimulator.Build.0 = Debug|Any CPU
		{FEDA289A-97C3-40F6-99B4-2A98D4E0811F}.Debug|iPhoneSimulator.Deploy.0 = Debug|Any CPU
		{FEDA289A-97C3-40F6-99B4-2A98D4E0811F}.Release|Any CPU.ActiveCfg = Release|Any CPU
		{FEDA289A-97C3-40F6-99B4-2A98D4E0811F}.Release|Any CPU.Build.0 = Release|Any CPU
		{FEDA289A-97C3-40F6-99B4-2A98D4E0811F}.Release|Any CPU.Deploy.0 = Release|Any CPU
		{FEDA289A-97C3-40F6-99B4-2A98D4E0811F}.Release|iPhone.ActiveCfg = Release|Any CPU
		{FEDA289A-97C3-40F6-99B4-2A98D4E0811F}.Release|iPhone.Build.0 = Release|Any CPU
		{FEDA289A-97C3-40F6-99B4-2A98D4E0811F}.Release|iPhone.Deploy.0 = Release|Any CPU
		{FEDA289A-97C3-40F6-99B4-2A98D4E0811F}.Release|iPhoneSimulator.ActiveCfg = Release|Any CPU
		{FEDA289A-97C3-40F6-99B4-2A98D4E0811F}.Release|iPhoneSimulator.Build.0 = Release|Any CPU
		{FEDA289A-97C3-40F6-99B4-2A98D4E0811F}.Release|iPhoneSimulator.Deploy.0 = Release|Any CPU
	EndGlobalSection
	GlobalSection(SolutionProperties) = preSolution
		HideSolutionNode = FALSE
	EndGlobalSection
	GlobalSection(ExtensibilityGlobals) = postSolution
		SolutionGuid = {7F9A20CB-22A1-48BB-8611-DF45B5543E99}
	EndGlobalSection
EndGlobal
